{
  "name": "prova",
  "version": "1.0.0",
  "lockfileVersion": 1,
  "requires": true,
  "dependencies": {
    "multi": {
      "version": "0.1.3",
      "resolved": "https://registry.npmjs.org/multi/-/multi-0.1.3.tgz",
      "integrity": "sha1-WvemD+ZgsBG3wB5SZXSa7Wob8h8=",
      "requires": {
        "underscore": "1.5.1"
      }
    },
    "underscore": {
      "version": "1.5.1",
      "resolved": "https://registry.npmjs.org/underscore/-/underscore-1.5.1.tgz",
      "integrity": "sha1-0r3oF9F2/63olKtxRY5oKhS4bck="
    }
  }
}
